// !$*UTF8*$!
{
	archiveVersion = 1;
	classes = {
	};
	objectVersion = 50;
	objects = {

/* Begin PBXBuildFile section */
		9E0ADF3E244BF9C2002B26B6 /* AppDelegate.swift in Sources */ = {isa = PBXBuildFile; fileRef = 9E0ADF3D244BF9C2002B26B6 /* AppDelegate.swift */; };
		9E0ADF40244BF9C2002B26B6 /* SceneDelegate.swift in Sources */ = {isa = PBXBuildFile; fileRef = 9E0ADF3F244BF9C2002B26B6 /* SceneDelegate.swift */; };
		9E0ADF42244BF9C2002B26B6 /* LoginViewController.swift in Sources */ = {isa = PBXBuildFile; fileRef = 9E0ADF41244BF9C2002B26B6 /* LoginViewController.swift */; };
		9E0ADF45244BF9C2002B26B6 /* Main.storyboard in Resources */ = {isa = PBXBuildFile; fileRef = 9E0ADF43244BF9C2002B26B6 /* Main.storyboard */; };
		9E0ADF47244BF9C5002B26B6 /* Assets.xcassets in Resources */ = {isa = PBXBuildFile; fileRef = 9E0ADF46244BF9C5002B26B6 /* Assets.xcassets */; };
		9E0ADF4A244BF9C5002B26B6 /* LaunchScreen.storyboard in Resources */ = {isa = PBXBuildFile; fileRef = 9E0ADF48244BF9C5002B26B6 /* LaunchScreen.storyboard */; };
		9E0ADF56244C1A74002B26B6 /* UdacityAPI.swift in Sources */ = {isa = PBXBuildFile; fileRef = 9E0ADF55244C1A74002B26B6 /* UdacityAPI.swift */; };
		9E0ADF58244C2069002B26B6 /* UserSession.swift in Sources */ = {isa = PBXBuildFile; fileRef = 9E0ADF57244C2069002B26B6 /* UserSession.swift */; };
		9E0ADF5A244C20A7002B26B6 /* Account.swift in Sources */ = {isa = PBXBuildFile; fileRef = 9E0ADF59244C20A7002B26B6 /* Account.swift */; };
		9E0ADF5E244C25E3002B26B6 /* ErrorResponse.swift in Sources */ = {isa = PBXBuildFile; fileRef = 9E0ADF5D244C25E3002B26B6 /* ErrorResponse.swift */; };
		9E0ADF63244C2F03002B26B6 /* UserSessionRequest.swift in Sources */ = {isa = PBXBuildFile; fileRef = 9E0ADF62244C2F03002B26B6 /* UserSessionRequest.swift */; };
		9E0ADF65244C2F48002B26B6 /* UserCredentials.swift in Sources */ = {isa = PBXBuildFile; fileRef = 9E0ADF64244C2F48002B26B6 /* UserCredentials.swift */; };
		9E786767245252FF0088F43E /* SessionManager.swift in Sources */ = {isa = PBXBuildFile; fileRef = 9E786766245252FF0088F43E /* SessionManager.swift */; };
		9E78676924526A9D0088F43E /* StudentsTableViewController.swift in Sources */ = {isa = PBXBuildFile; fileRef = 9E78676824526A9D0088F43E /* StudentsTableViewController.swift */; };
		9E78676B24526BAF0088F43E /* StudentLocation.swift in Sources */ = {isa = PBXBuildFile; fileRef = 9E78676A24526BAF0088F43E /* StudentLocation.swift */; };
		9E78676D24526F7C0088F43E /* StudentResponse.swift in Sources */ = {isa = PBXBuildFile; fileRef = 9E78676C24526F7C0088F43E /* StudentResponse.swift */; };
		9E78676F2452A08B0088F43E /* StudentTableViewCell.swift in Sources */ = {isa = PBXBuildFile; fileRef = 9E78676E2452A08B0088F43E /* StudentTableViewCell.swift */; };
		9E9312F2244D10530090AB8B /* UserManager.swift in Sources */ = {isa = PBXBuildFile; fileRef = 9E9312F1244D10530090AB8B /* UserManager.swift */; };
		9E9312F4244D15E20090AB8B /* UserData.swift in Sources */ = {isa = PBXBuildFile; fileRef = 9E9312F3244D15E20090AB8B /* UserData.swift */; };
/* End PBXBuildFile section */

/* Begin PBXFileReference section */
		9E0ADF3A244BF9C2002B26B6 /* OnTheMap.app */ = {isa = PBXFileReference; explicitFileType = wrapper.application; includeInIndex = 0; path = OnTheMap.app; sourceTree = BUILT_PRODUCTS_DIR; };
		9E0ADF3D244BF9C2002B26B6 /* AppDelegate.swift */ = {isa = PBXFileReference; lastKnownFileType = sourcecode.swift; path = AppDelegate.swift; sourceTree = "<group>"; };
		9E0ADF3F244BF9C2002B26B6 /* SceneDelegate.swift */ = {isa = PBXFileReference; lastKnownFileType = sourcecode.swift; path = SceneDelegate.swift; sourceTree = "<group>"; };
		9E0ADF41244BF9C2002B26B6 /* LoginViewController.swift */ = {isa = PBXFileReference; lastKnownFileType = sourcecode.swift; path = LoginViewController.swift; sourceTree = "<group>"; };
		9E0ADF44244BF9C2002B26B6 /* Base */ = {isa = PBXFileReference; lastKnownFileType = file.storyboard; name = Base; path = Base.lproj/Main.storyboard; sourceTree = "<group>"; };
		9E0ADF46244BF9C5002B26B6 /* Assets.xcassets */ = {isa = PBXFileReference; lastKnownFileType = folder.assetcatalog; path = Assets.xcassets; sourceTree = "<group>"; };
		9E0ADF49244BF9C5002B26B6 /* Base */ = {isa = PBXFileReference; lastKnownFileType = file.storyboard; name = Base; path = Base.lproj/LaunchScreen.storyboard; sourceTree = "<group>"; };
		9E0ADF4B244BF9C5002B26B6 /* Info.plist */ = {isa = PBXFileReference; lastKnownFileType = text.plist.xml; path = Info.plist; sourceTree = "<group>"; };
		9E0ADF55244C1A74002B26B6 /* UdacityAPI.swift */ = {isa = PBXFileReference; lastKnownFileType = sourcecode.swift; path = UdacityAPI.swift; sourceTree = "<group>"; };
		9E0ADF57244C2069002B26B6 /* UserSession.swift */ = {isa = PBXFileReference; lastKnownFileType = sourcecode.swift; path = UserSession.swift; sourceTree = "<group>"; };
		9E0ADF59244C20A7002B26B6 /* Account.swift */ = {isa = PBXFileReference; lastKnownFileType = sourcecode.swift; path = Account.swift; sourceTree = "<group>"; };
		9E0ADF5D244C25E3002B26B6 /* ErrorResponse.swift */ = {isa = PBXFileReference; lastKnownFileType = sourcecode.swift; path = ErrorResponse.swift; sourceTree = "<group>"; };
		9E0ADF62244C2F03002B26B6 /* UserSessionRequest.swift */ = {isa = PBXFileReference; lastKnownFileType = sourcecode.swift; path = UserSessionRequest.swift; sourceTree = "<group>"; };
		9E0ADF64244C2F48002B26B6 /* UserCredentials.swift */ = {isa = PBXFileReference; lastKnownFileType = sourcecode.swift; path = UserCredentials.swift; sourceTree = "<group>"; };
		9E786766245252FF0088F43E /* SessionManager.swift */ = {isa = PBXFileReference; lastKnownFileType = sourcecode.swift; path = SessionManager.swift; sourceTree = "<group>"; };
		9E78676824526A9D0088F43E /* StudentsTableViewController.swift */ = {isa = PBXFileReference; lastKnownFileType = sourcecode.swift; path = StudentsTableViewController.swift; sourceTree = "<group>"; };
		9E78676A24526BAF0088F43E /* StudentLocation.swift */ = {isa = PBXFileReference; lastKnownFileType = sourcecode.swift; path = StudentLocation.swift; sourceTree = "<group>"; };
		9E78676C24526F7C0088F43E /* StudentResponse.swift */ = {isa = PBXFileReference; lastKnownFileType = sourcecode.swift; path = StudentResponse.swift; sourceTree = "<group>"; };
		9E78676E2452A08B0088F43E /* StudentTableViewCell.swift */ = {isa = PBXFileReference; lastKnownFileType = sourcecode.swift; path = StudentTableViewCell.swift; sourceTree = "<group>"; };
		9E9312F1244D10530090AB8B /* UserManager.swift */ = {isa = PBXFileReference; lastKnownFileType = sourcecode.swift; path = UserManager.swift; sourceTree = "<group>"; };
		9E9312F3244D15E20090AB8B /* UserData.swift */ = {isa = PBXFileReference; lastKnownFileType = sourcecode.swift; path = UserData.swift; sourceTree = "<group>"; };
/* End PBXFileReference section */

/* Begin PBXFrameworksBuildPhase section */
		9E0ADF37244BF9C2002B26B6 /* Frameworks */ = {
			isa = PBXFrameworksBuildPhase;
			buildActionMask = 2147483647;
			files = (
			);
			runOnlyForDeploymentPostprocessing = 0;
		};
/* End PBXFrameworksBuildPhase section */

/* Begin PBXGroup section */
		9E0ADF31244BF9C2002B26B6 = {
			isa = PBXGroup;
			children = (
				9E0ADF3C244BF9C2002B26B6 /* OnTheMap */,
				9E0ADF3B244BF9C2002B26B6 /* Products */,
			);
			sourceTree = "<group>";
		};
		9E0ADF3B244BF9C2002B26B6 /* Products */ = {
			isa = PBXGroup;
			children = (
				9E0ADF3A244BF9C2002B26B6 /* OnTheMap.app */,
			);
			name = Products;
			sourceTree = "<group>";
		};
		9E0ADF3C244BF9C2002B26B6 /* OnTheMap */ = {
			isa = PBXGroup;
			children = (
				9E0ADF3F244BF9C2002B26B6 /* SceneDelegate.swift */,
				9E0ADF3D244BF9C2002B26B6 /* AppDelegate.swift */,
				9E0ADF4B244BF9C5002B26B6 /* Info.plist */,
				9E0ADF54244BFA4C002B26B6 /* Controller */,
				9E0ADF53244BFA47002B26B6 /* View */,
				9E0ADF52244BFA3C002B26B6 /* Model */,
				9E0ADF51244BFA17002B26B6 /* Assets */,
			);
			path = OnTheMap;
			sourceTree = "<group>";
		};
		9E0ADF51244BFA17002B26B6 /* Assets */ = {
			isa = PBXGroup;
			children = (
				9E0ADF43244BF9C2002B26B6 /* Main.storyboard */,
				9E0ADF46244BF9C5002B26B6 /* Assets.xcassets */,
				9E0ADF48244BF9C5002B26B6 /* LaunchScreen.storyboard */,
			);
			path = Assets;
			sourceTree = "<group>";
		};
		9E0ADF52244BFA3C002B26B6 /* Model */ = {
			isa = PBXGroup;
			children = (
				9E0ADF61244C2E64002B26B6 /* Request */,
				9E0ADF60244C2E47002B26B6 /* Responses */,
				9E0ADF5F244C2DFE002B26B6 /* Client */,
				9E0ADF5D244C25E3002B26B6 /* ErrorResponse.swift */,
				9E9312F1244D10530090AB8B /* UserManager.swift */,
				9E786766245252FF0088F43E /* SessionManager.swift */,
			);
			path = Model;
			sourceTree = "<group>";
		};
		9E0ADF53244BFA47002B26B6 /* View */ = {
			isa = PBXGroup;
			children = (
				9E78676E2452A08B0088F43E /* StudentTableViewCell.swift */,
			);
			path = View;
			sourceTree = "<group>";
		};
		9E0ADF54244BFA4C002B26B6 /* Controller */ = {
			isa = PBXGroup;
			children = (
				9E0ADF41244BF9C2002B26B6 /* LoginViewController.swift */,
				9E78676824526A9D0088F43E /* StudentsTableViewController.swift */,
			);
			path = Controller;
			sourceTree = "<group>";
		};
		9E0ADF5F244C2DFE002B26B6 /* Client */ = {
			isa = PBXGroup;
			children = (
				9E0ADF55244C1A74002B26B6 /* UdacityAPI.swift */,
			);
			path = Client;
			sourceTree = "<group>";
		};
		9E0ADF60244C2E47002B26B6 /* Responses */ = {
			isa = PBXGroup;
			children = (
				9E0ADF57244C2069002B26B6 /* UserSession.swift */,
				9E0ADF59244C20A7002B26B6 /* Account.swift */,
				9E9312F3244D15E20090AB8B /* UserData.swift */,
				9E78676A24526BAF0088F43E /* StudentLocation.swift */,
				9E78676C24526F7C0088F43E /* StudentResponse.swift */,
			);
			path = Responses;
			sourceTree = "<group>";
		};
		9E0ADF61244C2E64002B26B6 /* Request */ = {
			isa = PBXGroup;
			children = (
				9E0ADF62244C2F03002B26B6 /* UserSessionRequest.swift */,
				9E0ADF64244C2F48002B26B6 /* UserCredentials.swift */,
			);
			path = Request;
			sourceTree = "<group>";
		};
/* End PBXGroup section */

/* Begin PBXNativeTarget section */
		9E0ADF39244BF9C2002B26B6 /* OnTheMap */ = {
			isa = PBXNativeTarget;
			buildConfigurationList = 9E0ADF4E244BF9C5002B26B6 /* Build configuration list for PBXNativeTarget "OnTheMap" */;
			buildPhases = (
				9E0ADF36244BF9C2002B26B6 /* Sources */,
				9E0ADF37244BF9C2002B26B6 /* Frameworks */,
				9E0ADF38244BF9C2002B26B6 /* Resources */,
			);
			buildRules = (
			);
			dependencies = (
			);
			name = OnTheMap;
			productName = OnTheMap;
			productReference = 9E0ADF3A244BF9C2002B26B6 /* OnTheMap.app */;
			productType = "com.apple.product-type.application";
		};
/* End PBXNativeTarget section */

/* Begin PBXProject section */
		9E0ADF32244BF9C2002B26B6 /* Project object */ = {
			isa = PBXProject;
			attributes = {
				LastSwiftUpdateCheck = 1140;
				LastUpgradeCheck = 1140;
				ORGANIZATIONNAME = "Byron Ajin";
				TargetAttributes = {
					9E0ADF39244BF9C2002B26B6 = {
						CreatedOnToolsVersion = 11.4;
					};
				};
			};
			buildConfigurationList = 9E0ADF35244BF9C2002B26B6 /* Build configuration list for PBXProject "OnTheMap" */;
			compatibilityVersion = "Xcode 9.3";
			developmentRegion = en;
			hasScannedForEncodings = 0;
			knownRegions = (
				en,
				Base,
			);
			mainGroup = 9E0ADF31244BF9C2002B26B6;
			productRefGroup = 9E0ADF3B244BF9C2002B26B6 /* Products */;
			projectDirPath = "";
			projectRoot = "";
			targets = (
				9E0ADF39244BF9C2002B26B6 /* OnTheMap */,
			);
		};
/* End PBXProject section */

/* Begin PBXResourcesBuildPhase section */
		9E0ADF38244BF9C2002B26B6 /* Resources */ = {
			isa = PBXResourcesBuildPhase;
			buildActionMask = 2147483647;
			files = (
				9E0ADF4A244BF9C5002B26B6 /* LaunchScreen.storyboard in Resources */,
				9E0ADF47244BF9C5002B26B6 /* Assets.xcassets in Resources */,
				9E0ADF45244BF9C2002B26B6 /* Main.storyboard in Resources */,
			);
			runOnlyForDeploymentPostprocessing = 0;
		};
/* End PBXResourcesBuildPhase section */

/* Begin PBXSourcesBuildPhase section */
		9E0ADF36244BF9C2002B26B6 /* Sources */ = {
			isa = PBXSourcesBuildPhase;
			buildActionMask = 2147483647;
			files = (
				9E78676D24526F7C0088F43E /* StudentResponse.swift in Sources */,
				9E0ADF56244C1A74002B26B6 /* UdacityAPI.swift in Sources */,
				9E0ADF58244C2069002B26B6 /* UserSession.swift in Sources */,
				9E78676B24526BAF0088F43E /* StudentLocation.swift in Sources */,
				9E786767245252FF0088F43E /* SessionManager.swift in Sources */,
				9E0ADF42244BF9C2002B26B6 /* LoginViewController.swift in Sources */,
				9E0ADF3E244BF9C2002B26B6 /* AppDelegate.swift in Sources */,
				9E78676924526A9D0088F43E /* StudentsTableViewController.swift in Sources */,
				9E0ADF63244C2F03002B26B6 /* UserSessionRequest.swift in Sources */,
				9E9312F4244D15E20090AB8B /* UserData.swift in Sources */,
				9E0ADF40244BF9C2002B26B6 /* SceneDelegate.swift in Sources */,
				9E0ADF5A244C20A7002B26B6 /* Account.swift in Sources */,
				9E0ADF5E244C25E3002B26B6 /* ErrorResponse.swift in Sources */,
				9E9312F2244D10530090AB8B /* UserManager.swift in Sources */,
				9E0ADF65244C2F48002B26B6 /* UserCredentials.swift in Sources */,
				9E78676F2452A08B0088F43E /* StudentTableViewCell.swift in Sources */,
			);
			runOnlyForDeploymentPostprocessing = 0;
		};
/* End PBXSourcesBuildPhase section */

/* Begin PBXVariantGroup section */
		9E0ADF43244BF9C2002B26B6 /* Main.storyboard */ = {
			isa = PBXVariantGroup;
			children = (
				9E0ADF44244BF9C2002B26B6 /* Base */,
			);
			name = Main.storyboard;
			sourceTree = "<group>";
		};
		9E0ADF48244BF9C5002B26B6 /* LaunchScreen.storyboard */ = {
			isa = PBXVariantGroup;
			children = (
				9E0ADF49244BF9C5002B26B6 /* Base */,
			);
			name = LaunchScreen.storyboard;
			sourceTree = "<group>";
		};
/* End PBXVariantGroup section */

/* Begin XCBuildConfiguration section */
		9E0ADF4C244BF9C5002B26B6 /* Debug */ = {
			isa = XCBuildConfiguration;
			buildSettings = {
				ALWAYS_SEARCH_USER_PATHS = NO;
				CLANG_ANALYZER_NONNULL = YES;
				CLANG_ANALYZER_NUMBER_OBJECT_CONVERSION = YES_AGGRESSIVE;
				CLANG_CXX_LANGUAGE_STANDARD = "gnu++14";
				CLANG_CXX_LIBRARY = "libc++";
				CLANG_ENABLE_MODULES = YES;
				CLANG_ENABLE_OBJC_ARC = YES;
				CLANG_ENABLE_OBJC_WEAK = YES;
				CLANG_WARN_BLOCK_CAPTURE_AUTORELEASING = YES;
				CLANG_WARN_BOOL_CONVERSION = YES;
				CLANG_WARN_COMMA = YES;
				CLANG_WARN_CONSTANT_CONVERSION = YES;
				CLANG_WARN_DEPRECATED_OBJC_IMPLEMENTATIONS = YES;
				CLANG_WARN_DIRECT_OBJC_ISA_USAGE = YES_ERROR;
				CLANG_WARN_DOCUMENTATION_COMMENTS = YES;
				CLANG_WARN_EMPTY_BODY = YES;
				CLANG_WARN_ENUM_CONVERSION = YES;
				CLANG_WARN_INFINITE_RECURSION = YES;
				CLANG_WARN_INT_CONVERSION = YES;
				CLANG_WARN_NON_LITERAL_NULL_CONVERSION = YES;
				CLANG_WARN_OBJC_IMPLICIT_RETAIN_SELF = YES;
				CLANG_WARN_OBJC_LITERAL_CONVERSION = YES;
				CLANG_WARN_OBJC_ROOT_CLASS = YES_ERROR;
				CLANG_WARN_RANGE_LOOP_ANALYSIS = YES;
				CLANG_WARN_STRICT_PROTOTYPES = YES;
				CLANG_WARN_SUSPICIOUS_MOVE = YES;
				CLANG_WARN_UNGUARDED_AVAILABILITY = YES_AGGRESSIVE;
				CLANG_WARN_UNREACHABLE_CODE = YES;
				CLANG_WARN__DUPLICATE_METHOD_MATCH = YES;
				COPY_PHASE_STRIP = NO;
				DEBUG_INFORMATION_FORMAT = dwarf;
				ENABLE_STRICT_OBJC_MSGSEND = YES;
				ENABLE_TESTABILITY = YES;
				GCC_C_LANGUAGE_STANDARD = gnu11;
				GCC_DYNAMIC_NO_PIC = NO;
				GCC_NO_COMMON_BLOCKS = YES;
				GCC_OPTIMIZATION_LEVEL = 0;
				GCC_PREPROCESSOR_DEFINITIONS = (
					"DEBUG=1",
					"$(inherited)",
				);
				GCC_WARN_64_TO_32_BIT_CONVERSION = YES;
				GCC_WARN_ABOUT_RETURN_TYPE = YES_ERROR;
				GCC_WARN_UNDECLARED_SELECTOR = YES;
				GCC_WARN_UNINITIALIZED_AUTOS = YES_AGGRESSIVE;
				GCC_WARN_UNUSED_FUNCTION = YES;
				GCC_WARN_UNUSED_VARIABLE = YES;
				IPHONEOS_DEPLOYMENT_TARGET = 13.4;
				MTL_ENABLE_DEBUG_INFO = INCLUDE_SOURCE;
				MTL_FAST_MATH = YES;
				ONLY_ACTIVE_ARCH = YES;
				SDKROOT = iphoneos;
				SWIFT_ACTIVE_COMPILATION_CONDITIONS = DEBUG;
				SWIFT_OPTIMIZATION_LEVEL = "-Onone";
			};
			name = Debug;
		};
		9E0ADF4D244BF9C5002B26B6 /* Release */ = {
			isa = XCBuildConfiguration;
			buildSettings = {
				ALWAYS_SEARCH_USER_PATHS = NO;
				CLANG_ANALYZER_NONNULL = YES;
				CLANG_ANALYZER_NUMBER_OBJECT_CONVERSION = YES_AGGRESSIVE;
				CLANG_CXX_LANGUAGE_STANDARD = "gnu++14";
				CLANG_CXX_LIBRARY = "libc++";
				CLANG_ENABLE_MODULES = YES;
				CLANG_ENABLE_OBJC_ARC = YES;
				CLANG_ENABLE_OBJC_WEAK = YES;
				CLANG_WARN_BLOCK_CAPTURE_AUTORELEASING = YES;
				CLANG_WARN_BOOL_CONVERSION = YES;
				CLANG_WARN_COMMA = YES;
				CLANG_WARN_CONSTANT_CONVERSION = YES;
				CLANG_WARN_DEPRECATED_OBJC_IMPLEMENTATIONS = YES;
				CLANG_WARN_DIRECT_OBJC_ISA_USAGE = YES_ERROR;
				CLANG_WARN_DOCUMENTATION_COMMENTS = YES;
				CLANG_WARN_EMPTY_BODY = YES;
				CLANG_WARN_ENUM_CONVERSION = YES;
				CLANG_WARN_INFINITE_RECURSION = YES;
				CLANG_WARN_INT_CONVERSION = YES;
				CLANG_WARN_NON_LITERAL_NULL_CONVERSION = YES;
				CLANG_WARN_OBJC_IMPLICIT_RETAIN_SELF = YES;
				CLANG_WARN_OBJC_LITERAL_CONVERSION = YES;
				CLANG_WARN_OBJC_ROOT_CLASS = YES_ERROR;
				CLANG_WARN_RANGE_LOOP_ANALYSIS = YES;
				CLANG_WARN_STRICT_PROTOTYPES = YES;
				CLANG_WARN_SUSPICIOUS_MOVE = YES;
				CLANG_WARN_UNGUARDED_AVAILABILITY = YES_AGGRESSIVE;
				CLANG_WARN_UNREACHABLE_CODE = YES;
				CLANG_WARN__DUPLICATE_METHOD_MATCH = YES;
				COPY_PHASE_STRIP = NO;
				DEBUG_INFORMATION_FORMAT = "dwarf-with-dsym";
				ENABLE_NS_ASSERTIONS = NO;
				ENABLE_STRICT_OBJC_MSGSEND = YES;
				GCC_C_LANGUAGE_STANDARD = gnu11;
				GCC_NO_COMMON_BLOCKS = YES;
				GCC_WARN_64_TO_32_BIT_CONVERSION = YES;
				GCC_WARN_ABOUT_RETURN_TYPE = YES_ERROR;
				GCC_WARN_UNDECLARED_SELECTOR = YES;
				GCC_WARN_UNINITIALIZED_AUTOS = YES_AGGRESSIVE;
				GCC_WARN_UNUSED_FUNCTION = YES;
				GCC_WARN_UNUSED_VARIABLE = YES;
				IPHONEOS_DEPLOYMENT_TARGET = 13.4;
				MTL_ENABLE_DEBUG_INFO = NO;
				MTL_FAST_MATH = YES;
				SDKROOT = iphoneos;
				SWIFT_COMPILATION_MODE = wholemodule;
				SWIFT_OPTIMIZATION_LEVEL = "-O";
				VALIDATE_PRODUCT = YES;
			};
			name = Release;
		};
		9E0ADF4F244BF9C5002B26B6 /* Debug */ = {
			isa = XCBuildConfiguration;
			buildSettings = {
				ASSETCATALOG_COMPILER_APPICON_NAME = AppIcon;
				CODE_SIGN_STYLE = Automatic;
				DEVELOPMENT_TEAM = B2RM7AH4N2;
				INFOPLIST_FILE = OnTheMap/Info.plist;
				LD_RUNPATH_SEARCH_PATHS = (
					"$(inherited)",
					"@executable_path/Frameworks",
				);
				PRODUCT_BUNDLE_IDENTIFIER = com.byron.OnTheMap;
				PRODUCT_NAME = "$(TARGET_NAME)";
				SWIFT_VERSION = 5.0;
				TARGETED_DEVICE_FAMILY = "1,2";
			};
			name = Debug;
		};
		9E0ADF50244BF9C5002B26B6 /* Release */ = {
			isa = XCBuildConfiguration;
			buildSettings = {
				ASSETCATALOG_COMPILER_APPICON_NAME = AppIcon;
				CODE_SIGN_STYLE = Automatic;
				DEVELOPMENT_TEAM = B2RM7AH4N2;
				INFOPLIST_FILE = OnTheMap/Info.plist;
				LD_RUNPATH_SEARCH_PATHS = (
					"$(inherited)",
					"@executable_path/Frameworks",
				);
				PRODUCT_BUNDLE_IDENTIFIER = com.byron.OnTheMap;
				PRODUCT_NAME = "$(TARGET_NAME)";
				SWIFT_VERSION = 5.0;
				TARGETED_DEVICE_FAMILY = "1,2";
			};
			name = Release;
		};
/* End XCBuildConfiguration section */

/* Begin XCConfigurationList section */
		9E0ADF35244BF9C2002B26B6 /* Build configuration list for PBXProject "OnTheMap" */ = {
			isa = XCConfigurationList;
			buildConfigurations = (
				9E0ADF4C244BF9C5002B26B6 /* Debug */,
				9E0ADF4D244BF9C5002B26B6 /* Release */,
			);
			defaultConfigurationIsVisible = 0;
			defaultConfigurationName = Release;
		};
		9E0ADF4E244BF9C5002B26B6 /* Build configuration list for PBXNativeTarget "OnTheMap" */ = {
			isa = XCConfigurationList;
			buildConfigurations = (
				9E0ADF4F244BF9C5002B26B6 /* Debug */,
				9E0ADF50244BF9C5002B26B6 /* Release */,
			);
			defaultConfigurationIsVisible = 0;
			defaultConfigurationName = Release;
		};
/* End XCConfigurationList section */
	};
	rootObject = 9E0ADF32244BF9C2002B26B6 /* Project object */;
}
